
Microsoft Visual Studio Solution File, Format Version 12.00
# Visual Studio Version 17
VisualStudioVersion = 17.0.31919.166
MinimumVisualStudioVersion = 10.0.40219.1
Project("{9A19103F-16F7-4668-BE54-9A1E7A4F7556}") = "UDPThing", "UDPThing\UDPThing.csproj", "{65F99B43-4443-4433-87D9-C4B3F6AD1A98}"
EndProject
Project("{9A19103F-16F7-4668-BE54-9A1E7A4F7556}") = "UDPClient", "UDPClient\UDPClient.csproj", "{04899457-29EE-4705-B469-CD1ADC48FE8C}"
EndProject
Project("{FAE04EC0-301F-11D3-BF4B-00C04F79EFBC}") = "UDPLibrary", "UDPLibrary\UDPLibrary.csproj", "{A9B8DFF2-44F8-40E2-A63B-B9FC93DA9BFA}"
EndProject
Global
	GlobalSection(SolutionConfigurationPlatforms) = preSolution
		Debug|Any CPU = Debug|Any CPU
		Debug|x64 = Debug|x64
		Release|Any CPU = Release|Any CPU
		Release|x64 = Release|x64
	EndGlobalSection
	GlobalSection(ProjectConfigurationPlatforms) = postSolution
		{65F99B43-4443-4433-87D9-C4B3F6AD1A98}.Debug|Any CPU.ActiveCfg = Debug|Any CPU
		{65F99B43-4443-4433-87D9-C4B3F6AD1A98}.Debug|Any CPU.Build.0 = Debug|Any CPU
		{65F99B43-4443-4433-87D9-C4B3F6AD1A98}.Debug|x64.ActiveCfg = Debug|Any CPU
		{65F99B43-4443-4433-87D9-C4B3F6AD1A98}.Debug|x64.Build.0 = Debug|Any CPU
		{65F99B43-4443-4433-87D9-C4B3F6AD1A98}.Release|Any CPU.ActiveCfg = Release|Any CPU
		{65F99B43-4443-4433-87D9-C4B3F6AD1A98}.Release|Any CPU.Build.0 = Release|Any CPU
		{65F99B43-4443-4433-87D9-C4B3F6AD1A98}.Release|x64.ActiveCfg = Release|Any CPU
		{65F99B43-4443-4433-87D9-C4B3F6AD1A98}.Release|x64.Build.0 = Release|Any CPU
		{04899457-29EE-4705-B469-CD1ADC48FE8C}.Debug|Any CPU.ActiveCfg = Debug|Any CPU
		{04899457-29EE-4705-B469-CD1ADC48FE8C}.Debug|Any CPU.Build.0 = Debug|Any CPU
		{04899457-29EE-4705-B469-CD1ADC48FE8C}.Debug|x64.ActiveCfg = Debug|x64
		{04899457-29EE-4705-B469-CD1ADC48FE8C}.Debug|x64.Build.0 = Debug|x64
		{04899457-29EE-4705-B469-CD1ADC48FE8C}.Release|Any CPU.ActiveCfg = Release|Any CPU
		{04899457-29EE-4705-B469-CD1ADC48FE8C}.Release|Any CPU.Build.0 = Release|Any CPU
		{04899457-29EE-4705-B469-CD1ADC48FE8C}.Release|x64.ActiveCfg = Release|x64
		{04899457-29EE-4705-B469-CD1ADC48FE8C}.Release|x64.Build.0 = Release|x64
		{A9B8DFF2-44F8-40E2-A63B-B9FC93DA9BFA}.Debug|Any CPU.ActiveCfg = Debug|Any CPU
		{A9B8DFF2-44F8-40E2-A63B-B9FC93DA9BFA}.Debug|Any CPU.Build.0 = Debug|Any CPU
		{A9B8DFF2-44F8-40E2-A63B-B9FC93DA9BFA}.Debug|x64.ActiveCfg = Debug|Any CPU
		{A9B8DFF2-44F8-40E2-A63B-B9FC93DA9BFA}.Debug|x64.Build.0 = Debug|Any CPU
		{A9B8DFF2-44F8-40E2-A63B-B9FC93DA9BFA}.Release|Any CPU.ActiveCfg = Release|Any CPU
		{A9B8DFF2-44F8-40E2-A63B-B9FC93DA9BFA}.Release|Any CPU.Build.0 = Release|Any CPU
		{A9B8DFF2-44F8-40E2-A63B-B9FC93DA9BFA}.Release|x64.ActiveCfg = Release|Any CPU
		{A9B8DFF2-44F8-40E2-A63B-B9FC93DA9BFA}.Release|x64.Build.0 = Release|Any CPU
	EndGlobalSection
	GlobalSection(SolutionProperties) = preSolution
		HideSolutionNode = FALSE
	EndGlobalSection
	GlobalSection(ExtensibilityGlobals) = postSolution
		SolutionGuid = {F88474A3-F724-44FA-BF5E-055A5EF6F478}
	EndGlobalSection
EndGlobal
