
Microsoft Visual Studio Solution File, Format Version 12.00
# Visual Studio Version 17
VisualStudioVersion = 17.0.31919.166
MinimumVisualStudioVersion = 10.0.40219.1
Project("{9A19103F-16F7-4668-BE54-9A1E7A4F7556}") = "PerformanceTests", "PerformanceTests\PerformanceTests.csproj", "{52BB93C2-51C9-4BC1-89EA-5A410FEAE8F0}"
EndProject
Project("{9A19103F-16F7-4668-BE54-9A1E7A4F7556}") = "UDPLibraryV2", "UDPLibraryV2\UDPLibraryV2.csproj", "{866D9445-9160-4B8C-9507-58254C2CACAC}"
EndProject
Project("{9A19103F-16F7-4668-BE54-9A1E7A4F7556}") = "UDPServerV2", "UDPServerV2\UDPServerV2.csproj", "{06E538F2-76DB-438A-B102-848C498830A6}"
EndProject
Project("{FAE04EC0-301F-11D3-BF4B-00C04F79EFBC}") = "UDPLibraryV2.SourceGenerators", "UDPLibraryV2.SourceGenerators\UDPLibraryV2.SourceGenerators.csproj", "{D120BF75-ED77-4635-898A-D5A937CE213C}"
EndProject
Global
	GlobalSection(SolutionConfigurationPlatforms) = preSolution
		Debug|Any CPU = Debug|Any CPU
		Debug|x64 = Debug|x64
		Release|Any CPU = Release|Any CPU
		Release|x64 = Release|x64
	EndGlobalSection
	GlobalSection(ProjectConfigurationPlatforms) = postSolution
		{52BB93C2-51C9-4BC1-89EA-5A410FEAE8F0}.Debug|Any CPU.ActiveCfg = Debug|Any CPU
		{52BB93C2-51C9-4BC1-89EA-5A410FEAE8F0}.Debug|Any CPU.Build.0 = Debug|Any CPU
		{52BB93C2-51C9-4BC1-89EA-5A410FEAE8F0}.Debug|x64.ActiveCfg = Debug|Any CPU
		{52BB93C2-51C9-4BC1-89EA-5A410FEAE8F0}.Debug|x64.Build.0 = Debug|Any CPU
		{52BB93C2-51C9-4BC1-89EA-5A410FEAE8F0}.Release|Any CPU.ActiveCfg = Release|Any CPU
		{52BB93C2-51C9-4BC1-89EA-5A410FEAE8F0}.Release|Any CPU.Build.0 = Release|Any CPU
		{52BB93C2-51C9-4BC1-89EA-5A410FEAE8F0}.Release|x64.ActiveCfg = Release|Any CPU
		{52BB93C2-51C9-4BC1-89EA-5A410FEAE8F0}.Release|x64.Build.0 = Release|Any CPU
		{866D9445-9160-4B8C-9507-58254C2CACAC}.Debug|Any CPU.ActiveCfg = Debug|Any CPU
		{866D9445-9160-4B8C-9507-58254C2CACAC}.Debug|Any CPU.Build.0 = Debug|Any CPU
		{866D9445-9160-4B8C-9507-58254C2CACAC}.Debug|x64.ActiveCfg = Debug|Any CPU
		{866D9445-9160-4B8C-9507-58254C2CACAC}.Debug|x64.Build.0 = Debug|Any CPU
		{866D9445-9160-4B8C-9507-58254C2CACAC}.Release|Any CPU.ActiveCfg = Release|Any CPU
		{866D9445-9160-4B8C-9507-58254C2CACAC}.Release|Any CPU.Build.0 = Release|Any CPU
		{866D9445-9160-4B8C-9507-58254C2CACAC}.Release|x64.ActiveCfg = Release|Any CPU
		{866D9445-9160-4B8C-9507-58254C2CACAC}.Release|x64.Build.0 = Release|Any CPU
		{06E538F2-76DB-438A-B102-848C498830A6}.Debug|Any CPU.ActiveCfg = Debug|Any CPU
		{06E538F2-76DB-438A-B102-848C498830A6}.Debug|Any CPU.Build.0 = Debug|Any CPU
		{06E538F2-76DB-438A-B102-848C498830A6}.Debug|x64.ActiveCfg = Debug|Any CPU
		{06E538F2-76DB-438A-B102-848C498830A6}.Debug|x64.Build.0 = Debug|Any CPU
		{06E538F2-76DB-438A-B102-848C498830A6}.Release|Any CPU.ActiveCfg = Release|Any CPU
		{06E538F2-76DB-438A-B102-848C498830A6}.Release|Any CPU.Build.0 = Release|Any CPU
		{06E538F2-76DB-438A-B102-848C498830A6}.Release|x64.ActiveCfg = Release|Any CPU
		{06E538F2-76DB-438A-B102-848C498830A6}.Release|x64.Build.0 = Release|Any CPU
		{D120BF75-ED77-4635-898A-D5A937CE213C}.Debug|Any CPU.ActiveCfg = Debug|Any CPU
		{D120BF75-ED77-4635-898A-D5A937CE213C}.Debug|Any CPU.Build.0 = Debug|Any CPU
		{D120BF75-ED77-4635-898A-D5A937CE213C}.Debug|x64.ActiveCfg = Debug|Any CPU
		{D120BF75-ED77-4635-898A-D5A937CE213C}.Debug|x64.Build.0 = Debug|Any CPU
		{D120BF75-ED77-4635-898A-D5A937CE213C}.Release|Any CPU.ActiveCfg = Release|Any CPU
		{D120BF75-ED77-4635-898A-D5A937CE213C}.Release|Any CPU.Build.0 = Release|Any CPU
		{D120BF75-ED77-4635-898A-D5A937CE213C}.Release|x64.ActiveCfg = Release|Any CPU
		{D120BF75-ED77-4635-898A-D5A937CE213C}.Release|x64.Build.0 = Release|Any CPU
	EndGlobalSection
	GlobalSection(SolutionProperties) = preSolution
		HideSolutionNode = FALSE
	EndGlobalSection
	GlobalSection(ExtensibilityGlobals) = postSolution
		SolutionGuid = {F88474A3-F724-44FA-BF5E-055A5EF6F478}
	EndGlobalSection
EndGlobal
